// !$*UTF8*$!
{
	archiveVersion = 1;
	classes = {
	};
	objectVersion = 63;
	objects = {

/* Begin PBXBuildFile section */
		1525B768AFB0CC81C413EC18 /* ImagePickerView.swift in Sources */ = {isa = PBXBuildFile; fileRef = 0D2C411DE53147752980454E /* ImagePickerView.swift */; };
		1899417228077D67512F2336 /* NotesSpreadView.swift in Sources */ = {isa = PBXBuildFile; fileRef = 25B8AD5AFA595B224DBDED5B /* NotesSpreadView.swift */; };
		1DACF3550CD1AA4D3B13A581 /* OPP_Splash.mp4 in Resources */ = {isa = PBXBuildFile; fileRef = F54D04FDAA3A89844CE0481B /* OPP_Splash.mp4 */; };
		259042F2071BDA3E2B99F3F0 /* ContentView.swift in Sources */ = {isa = PBXBuildFile; fileRef = 7DF5341F0B7E32423EF2293A /* ContentView.swift */; };
		2AC2A573293BE8CADFA633A1 /* ShapeRecognizer.swift in Sources */ = {isa = PBXBuildFile; fileRef = C20D09233E206A5E4D9EEECF /* ShapeRecognizer.swift */; };
		2FC9FD2CE02EE5C2EE3CC012 /* MonthTabsView.swift in Sources */ = {isa = PBXBuildFile; fileRef = F14ABDC7EF63B3DE1F73BC7F /* MonthTabsView.swift */; };
		302BCD862732C9C7CEE48E89 /* StickyNote.swift in Sources */ = {isa = PBXBuildFile; fileRef = 97BE124CD5F3C3BF7CB6FBD5 /* StickyNote.swift */; };
		49B8F55F49C195C5F913818E /* Assets.xcassets in Resources */ = {isa = PBXBuildFile; fileRef = 26B96CC22783AB1F691E5454 /* Assets.xcassets */; };
		4BCB4B002360998B80712CE3 /* DrawingCanvasView.swift in Sources */ = {isa = PBXBuildFile; fileRef = 9601B2AC67C368D40BE4DE07 /* DrawingCanvasView.swift */; };
		6C0843BD1C15FBB34AA465A1 /* OnPurposePlannerNativeApp.swift in Sources */ = {isa = PBXBuildFile; fileRef = 3DE1CB0CAEFE8E6DBA1542C3 /* OnPurposePlannerNativeApp.swift */; };
		6F05343DC9F30D7A6D5A5C77 /* StickyNoteView.swift in Sources */ = {isa = PBXBuildFile; fileRef = C405AC7D319343F790689D17 /* StickyNoteView.swift */; };
		7F97BD872A89F2C22692F08E /* EventKitManager.swift in Sources */ = {isa = PBXBuildFile; fileRef = E8F6AA3B2A518B419432B903 /* EventKitManager.swift */; };
		8F6CDD3A3EF071D5A7E3281B /* AppSettings.swift in Sources */ = {isa = PBXBuildFile; fileRef = A6D9A4155B8A8263C93289B2 /* AppSettings.swift */; };
		937F3B13191EB9A52CE6A34F /* ScratchOutRecognizer.swift in Sources */ = {isa = PBXBuildFile; fileRef = FE749F311DD18F2D5D3857AA /* ScratchOutRecognizer.swift */; };
		99EA89586B28B988C34137C8 /* AttachmentView.swift in Sources */ = {isa = PBXBuildFile; fileRef = 083676C8EDE6452083990425 /* AttachmentView.swift */; };
		9DF909BF691A46347ACFE7A0 /* OnboardingView.swift in Sources */ = {isa = PBXBuildFile; fileRef = 7A06B1278DCEE3498BD46BB1 /* OnboardingView.swift */; };
		A47504F91C02CB0CF075AC9E /* DocumentPickerView.swift in Sources */ = {isa = PBXBuildFile; fileRef = 388C9BF19F3A4736400A3A10 /* DocumentPickerView.swift */; };
		AB80B6F7D54608B0F6128E97 /* PlannerStore.swift in Sources */ = {isa = PBXBuildFile; fileRef = 5193B25138C1A21EA64D6FF8 /* PlannerStore.swift */; };
		BD9797EC236BA81F226D7595 /* PlanningSpreadView.swift in Sources */ = {isa = PBXBuildFile; fileRef = 27C2DB878CF3960933EFBA2A /* PlanningSpreadView.swift */; };
		CB7A2779D8893AE9D1C44ABE /* SettingsView.swift in Sources */ = {isa = PBXBuildFile; fileRef = 8CBF90BEDFA13DC9EB04D115 /* SettingsView.swift */; };
		CCECB2F51D99E866A3C6ABC5 /* SplashScreenView.swift in Sources */ = {isa = PBXBuildFile; fileRef = 0EC4596E9147DD2D0BD8C683 /* SplashScreenView.swift */; };
		DE8292428E95914B8CBB59F9 /* MonthPaperView.swift in Sources */ = {isa = PBXBuildFile; fileRef = F643AF9044F839E75030FB95 /* MonthPaperView.swift */; };
		DEB584EA309225E2AF0583AC /* PageAttachment.swift in Sources */ = {isa = PBXBuildFile; fileRef = D6BA5C5B30F4729A4CB28873 /* PageAttachment.swift */; };
		E2EC2FC67D9CEDA0FDA1E023 /* WeekPaperView.swift in Sources */ = {isa = PBXBuildFile; fileRef = 17DA413ABC7836AAB7FDD6D3 /* WeekPaperView.swift */; };
		F1F3335C32C9240AC92D7DFA /* PlannerTheme.swift in Sources */ = {isa = PBXBuildFile; fileRef = E927ADFB66CFE906C92FCAC3 /* PlannerTheme.swift */; };
		F3481135B319CEFFB70071E3 /* TabMarkerView.swift in Sources */ = {isa = PBXBuildFile; fileRef = 719EE2029033912BBD8627B9 /* TabMarkerView.swift */; };
		F439BCB3A4CE74222C403EE4 /* ZoomableView.swift in Sources */ = {isa = PBXBuildFile; fileRef = C54590027297ABE3CF621040 /* ZoomableView.swift */; };
		FA329803AC57957B2B744720 /* FloatingToolbarView.swift in Sources */ = {isa = PBXBuildFile; fileRef = E2F50FB424A0F58FA2FA6D14 /* FloatingToolbarView.swift */; };
		FC14A00B8DD16D4C2D42F32A /* PlannerSpreadContainerView.swift in Sources */ = {isa = PBXBuildFile; fileRef = 4CC53FF4196B4BA013971F8E /* PlannerSpreadContainerView.swift */; };
		FC6A91BB226497D25689A735 /* TabMarker.swift in Sources */ = {isa = PBXBuildFile; fileRef = D341626EB0C16ABB857657ED /* TabMarker.swift */; };
		FE1011409AB776A3A8D120C7 /* CalendarData.swift in Sources */ = {isa = PBXBuildFile; fileRef = 69B4559D4231F028AB94193F /* CalendarData.swift */; };
/* End PBXBuildFile section */

/* Begin PBXFileReference section */
		083676C8EDE6452083990425 /* AttachmentView.swift */ = {isa = PBXFileReference; lastKnownFileType = sourcecode.swift; path = AttachmentView.swift; sourceTree = "<group>"; };
		0D2C411DE53147752980454E /* ImagePickerView.swift */ = {isa = PBXFileReference; lastKnownFileType = sourcecode.swift; path = ImagePickerView.swift; sourceTree = "<group>"; };
		0EC4596E9147DD2D0BD8C683 /* SplashScreenView.swift */ = {isa = PBXFileReference; lastKnownFileType = sourcecode.swift; path = SplashScreenView.swift; sourceTree = "<group>"; };
		17DA413ABC7836AAB7FDD6D3 /* WeekPaperView.swift */ = {isa = PBXFileReference; lastKnownFileType = sourcecode.swift; path = WeekPaperView.swift; sourceTree = "<group>"; };
		25B8AD5AFA595B224DBDED5B /* NotesSpreadView.swift */ = {isa = PBXFileReference; lastKnownFileType = sourcecode.swift; path = NotesSpreadView.swift; sourceTree = "<group>"; };
		26B96CC22783AB1F691E5454 /* Assets.xcassets */ = {isa = PBXFileReference; lastKnownFileType = folder.assetcatalog; path = Assets.xcassets; sourceTree = "<group>"; };
		27C2DB878CF3960933EFBA2A /* PlanningSpreadView.swift */ = {isa = PBXFileReference; lastKnownFileType = sourcecode.swift; path = PlanningSpreadView.swift; sourceTree = "<group>"; };
		2DA6A966082EA97562ABC129 /* OnPurposePlannerNative.app */ = {isa = PBXFileReference; explicitFileType = wrapper.application; includeInIndex = 0; path = OnPurposePlannerNative.app; sourceTree = BUILT_PRODUCTS_DIR; };
		361B3B6F5C4A218810D7FC0A /* Info.plist */ = {isa = PBXFileReference; lastKnownFileType = text.plist; path = Info.plist; sourceTree = "<group>"; };
		388C9BF19F3A4736400A3A10 /* DocumentPickerView.swift */ = {isa = PBXFileReference; lastKnownFileType = sourcecode.swift; path = DocumentPickerView.swift; sourceTree = "<group>"; };
		3DE1CB0CAEFE8E6DBA1542C3 /* OnPurposePlannerNativeApp.swift */ = {isa = PBXFileReference; lastKnownFileType = sourcecode.swift; path = OnPurposePlannerNativeApp.swift; sourceTree = "<group>"; };
		4CC53FF4196B4BA013971F8E /* PlannerSpreadContainerView.swift */ = {isa = PBXFileReference; lastKnownFileType = sourcecode.swift; path = PlannerSpreadContainerView.swift; sourceTree = "<group>"; };
		5193B25138C1A21EA64D6FF8 /* PlannerStore.swift */ = {isa = PBXFileReference; lastKnownFileType = sourcecode.swift; path = PlannerStore.swift; sourceTree = "<group>"; };
		69B4559D4231F028AB94193F /* CalendarData.swift */ = {isa = PBXFileReference; lastKnownFileType = sourcecode.swift; path = CalendarData.swift; sourceTree = "<group>"; };
		719EE2029033912BBD8627B9 /* TabMarkerView.swift */ = {isa = PBXFileReference; lastKnownFileType = sourcecode.swift; path = TabMarkerView.swift; sourceTree = "<group>"; };
		7A06B1278DCEE3498BD46BB1 /* OnboardingView.swift */ = {isa = PBXFileReference; lastKnownFileType = sourcecode.swift; path = OnboardingView.swift; sourceTree = "<group>"; };
		7DF5341F0B7E32423EF2293A /* ContentView.swift */ = {isa = PBXFileReference; lastKnownFileType = sourcecode.swift; path = ContentView.swift; sourceTree = "<group>"; };
		8CBF90BEDFA13DC9EB04D115 /* SettingsView.swift */ = {isa = PBXFileReference; lastKnownFileType = sourcecode.swift; path = SettingsView.swift; sourceTree = "<group>"; };
		9601B2AC67C368D40BE4DE07 /* DrawingCanvasView.swift */ = {isa = PBXFileReference; lastKnownFileType = sourcecode.swift; path = DrawingCanvasView.swift; sourceTree = "<group>"; };
		97BE124CD5F3C3BF7CB6FBD5 /* StickyNote.swift */ = {isa = PBXFileReference; lastKnownFileType = sourcecode.swift; path = StickyNote.swift; sourceTree = "<group>"; };
		A6D9A4155B8A8263C93289B2 /* AppSettings.swift */ = {isa = PBXFileReference; lastKnownFileType = sourcecode.swift; path = AppSettings.swift; sourceTree = "<group>"; };
		C20D09233E206A5E4D9EEECF /* ShapeRecognizer.swift */ = {isa = PBXFileReference; lastKnownFileType = sourcecode.swift; path = ShapeRecognizer.swift; sourceTree = "<group>"; };
		C405AC7D319343F790689D17 /* StickyNoteView.swift */ = {isa = PBXFileReference; lastKnownFileType = sourcecode.swift; path = StickyNoteView.swift; sourceTree = "<group>"; };
		C54590027297ABE3CF621040 /* ZoomableView.swift */ = {isa = PBXFileReference; lastKnownFileType = sourcecode.swift; path = ZoomableView.swift; sourceTree = "<group>"; };
		C8A29DC16C5767EB546AA5C4 /* OnPurposePlannerNative.entitlements */ = {isa = PBXFileReference; lastKnownFileType = text.plist.entitlements; path = OnPurposePlannerNative.entitlements; sourceTree = "<group>"; };
		D341626EB0C16ABB857657ED /* TabMarker.swift */ = {isa = PBXFileReference; lastKnownFileType = sourcecode.swift; path = TabMarker.swift; sourceTree = "<group>"; };
		D6BA5C5B30F4729A4CB28873 /* PageAttachment.swift */ = {isa = PBXFileReference; lastKnownFileType = sourcecode.swift; path = PageAttachment.swift; sourceTree = "<group>"; };
		E2F50FB424A0F58FA2FA6D14 /* FloatingToolbarView.swift */ = {isa = PBXFileReference; lastKnownFileType = sourcecode.swift; path = FloatingToolbarView.swift; sourceTree = "<group>"; };
		E8F6AA3B2A518B419432B903 /* EventKitManager.swift */ = {isa = PBXFileReference; lastKnownFileType = sourcecode.swift; path = EventKitManager.swift; sourceTree = "<group>"; };
		E927ADFB66CFE906C92FCAC3 /* PlannerTheme.swift */ = {isa = PBXFileReference; lastKnownFileType = sourcecode.swift; path = PlannerTheme.swift; sourceTree = "<group>"; };
		F14ABDC7EF63B3DE1F73BC7F /* MonthTabsView.swift */ = {isa = PBXFileReference; lastKnownFileType = sourcecode.swift; path = MonthTabsView.swift; sourceTree = "<group>"; };
		F54D04FDAA3A89844CE0481B /* OPP_Splash.mp4 */ = {isa = PBXFileReference; lastKnownFileType = file; path = OPP_Splash.mp4; sourceTree = "<group>"; };
		F643AF9044F839E75030FB95 /* MonthPaperView.swift */ = {isa = PBXFileReference; lastKnownFileType = sourcecode.swift; path = MonthPaperView.swift; sourceTree = "<group>"; };
		FE749F311DD18F2D5D3857AA /* ScratchOutRecognizer.swift */ = {isa = PBXFileReference; lastKnownFileType = sourcecode.swift; path = ScratchOutRecognizer.swift; sourceTree = "<group>"; };
/* End PBXFileReference section */

/* Begin PBXGroup section */
		2E477F382ECACE311DE837F3 /* OnPurposePlannerNative */ = {
			isa = PBXGroup;
			children = (
				A6D9A4155B8A8263C93289B2 /* AppSettings.swift */,
				26B96CC22783AB1F691E5454 /* Assets.xcassets */,
				083676C8EDE6452083990425 /* AttachmentView.swift */,
				69B4559D4231F028AB94193F /* CalendarData.swift */,
				7DF5341F0B7E32423EF2293A /* ContentView.swift */,
				388C9BF19F3A4736400A3A10 /* DocumentPickerView.swift */,
				9601B2AC67C368D40BE4DE07 /* DrawingCanvasView.swift */,
				E8F6AA3B2A518B419432B903 /* EventKitManager.swift */,
				E2F50FB424A0F58FA2FA6D14 /* FloatingToolbarView.swift */,
				0D2C411DE53147752980454E /* ImagePickerView.swift */,
				361B3B6F5C4A218810D7FC0A /* Info.plist */,
				F643AF9044F839E75030FB95 /* MonthPaperView.swift */,
				F14ABDC7EF63B3DE1F73BC7F /* MonthTabsView.swift */,
				25B8AD5AFA595B224DBDED5B /* NotesSpreadView.swift */,
				7A06B1278DCEE3498BD46BB1 /* OnboardingView.swift */,
				C8A29DC16C5767EB546AA5C4 /* OnPurposePlannerNative.entitlements */,
				3DE1CB0CAEFE8E6DBA1542C3 /* OnPurposePlannerNativeApp.swift */,
				D6BA5C5B30F4729A4CB28873 /* PageAttachment.swift */,
				4CC53FF4196B4BA013971F8E /* PlannerSpreadContainerView.swift */,
				5193B25138C1A21EA64D6FF8 /* PlannerStore.swift */,
				E927ADFB66CFE906C92FCAC3 /* PlannerTheme.swift */,
				27C2DB878CF3960933EFBA2A /* PlanningSpreadView.swift */,
				FE749F311DD18F2D5D3857AA /* ScratchOutRecognizer.swift */,
				8CBF90BEDFA13DC9EB04D115 /* SettingsView.swift */,
				C20D09233E206A5E4D9EEECF /* ShapeRecognizer.swift */,
				0EC4596E9147DD2D0BD8C683 /* SplashScreenView.swift */,
				97BE124CD5F3C3BF7CB6FBD5 /* StickyNote.swift */,
				C405AC7D319343F790689D17 /* StickyNoteView.swift */,
				D341626EB0C16ABB857657ED /* TabMarker.swift */,
				719EE2029033912BBD8627B9 /* TabMarkerView.swift */,
				17DA413ABC7836AAB7FDD6D3 /* WeekPaperView.swift */,
				C54590027297ABE3CF621040 /* ZoomableView.swift */,
				5B04C66F496C1519B824677D /* Resources */,
			);
			path = OnPurposePlannerNative;
			sourceTree = "<group>";
		};
		5B04C66F496C1519B824677D /* Resources */ = {
			isa = PBXGroup;
			children = (
				F54D04FDAA3A89844CE0481B /* OPP_Splash.mp4 */,
			);
			path = Resources;
			sourceTree = "<group>";
		};
		E99345A97E7B30F741FFCEF3 /* Products */ = {
			isa = PBXGroup;
			children = (
				2DA6A966082EA97562ABC129 /* OnPurposePlannerNative.app */,
			);
			name = Products;
			sourceTree = "<group>";
		};
		F8F9CE8018280833CD308A06 = {
			isa = PBXGroup;
			children = (
				2E477F382ECACE311DE837F3 /* OnPurposePlannerNative */,
				E99345A97E7B30F741FFCEF3 /* Products */,
			);
			sourceTree = "<group>";
		};
/* End PBXGroup section */

/* Begin PBXNativeTarget section */
		1050EC86B51C4C17A7413EB7 /* OnPurposePlannerNative */ = {
			isa = PBXNativeTarget;
			buildConfigurationList = FCBC9E9A8D8CAD39402E3707 /* Build configuration list for PBXNativeTarget "OnPurposePlannerNative" */;
			buildPhases = (
				9B69F9AB8B8E83C6B623A645 /* Sources */,
				E251D44D659CDD9E9CB3033B /* Resources */,
			);
			buildRules = (
			);
			dependencies = (
			);
			name = OnPurposePlannerNative;
			packageProductDependencies = (
			);
			productName = OnPurposePlannerNative;
			productReference = 2DA6A966082EA97562ABC129 /* OnPurposePlannerNative.app */;
			productType = "com.apple.product-type.application";
		};
/* End PBXNativeTarget section */

/* Begin PBXProject section */
		93DD1B2BF4C3141DE09EEC6E /* Project object */ = {
			isa = PBXProject;
			attributes = {
				BuildIndependentTargetsInParallel = YES;
				LastUpgradeCheck = 1600;
				TargetAttributes = {
					1050EC86B51C4C17A7413EB7 = {
						ProvisioningStyle = Automatic;
					};
				};
			};
			buildConfigurationList = A6C443B30912AB22102C0174 /* Build configuration list for PBXProject "OnPurposePlannerNative" */;
			compatibilityVersion = "Xcode 14.0";
			developmentRegion = en;
			hasScannedForEncodings = 0;
			knownRegions = (
				Base,
				en,
			);
			mainGroup = F8F9CE8018280833CD308A06;
			minimizedProjectReferenceProxies = 1;
			projectDirPath = "";
			projectRoot = "";
			targets = (
				1050EC86B51C4C17A7413EB7 /* OnPurposePlannerNative */,
			);
		};
/* End PBXProject section */

/* Begin PBXResourcesBuildPhase section */
		E251D44D659CDD9E9CB3033B /* Resources */ = {
			isa = PBXResourcesBuildPhase;
			buildActionMask = 2147483647;
			files = (
				49B8F55F49C195C5F913818E /* Assets.xcassets in Resources */,
				1DACF3550CD1AA4D3B13A581 /* OPP_Splash.mp4 in Resources */,
			);
			runOnlyForDeploymentPostprocessing = 0;
		};
/* End PBXResourcesBuildPhase section */

/* Begin PBXSourcesBuildPhase section */
		9B69F9AB8B8E83C6B623A645 /* Sources */ = {
			isa = PBXSourcesBuildPhase;
			buildActionMask = 2147483647;
			files = (
				8F6CDD3A3EF071D5A7E3281B /* AppSettings.swift in Sources */,
				99EA89586B28B988C34137C8 /* AttachmentView.swift in Sources */,
				FE1011409AB776A3A8D120C7 /* CalendarData.swift in Sources */,
				259042F2071BDA3E2B99F3F0 /* ContentView.swift in Sources */,
				A47504F91C02CB0CF075AC9E /* DocumentPickerView.swift in Sources */,
				4BCB4B002360998B80712CE3 /* DrawingCanvasView.swift in Sources */,
				7F97BD872A89F2C22692F08E /* EventKitManager.swift in Sources */,
				FA329803AC57957B2B744720 /* FloatingToolbarView.swift in Sources */,
				1525B768AFB0CC81C413EC18 /* ImagePickerView.swift in Sources */,
				DE8292428E95914B8CBB59F9 /* MonthPaperView.swift in Sources */,
				2FC9FD2CE02EE5C2EE3CC012 /* MonthTabsView.swift in Sources */,
				1899417228077D67512F2336 /* NotesSpreadView.swift in Sources */,
				6C0843BD1C15FBB34AA465A1 /* OnPurposePlannerNativeApp.swift in Sources */,
				9DF909BF691A46347ACFE7A0 /* OnboardingView.swift in Sources */,
				DEB584EA309225E2AF0583AC /* PageAttachment.swift in Sources */,
				FC14A00B8DD16D4C2D42F32A /* PlannerSpreadContainerView.swift in Sources */,
				AB80B6F7D54608B0F6128E97 /* PlannerStore.swift in Sources */,
				F1F3335C32C9240AC92D7DFA /* PlannerTheme.swift in Sources */,
				BD9797EC236BA81F226D7595 /* PlanningSpreadView.swift in Sources */,
				937F3B13191EB9A52CE6A34F /* ScratchOutRecognizer.swift in Sources */,
				CB7A2779D8893AE9D1C44ABE /* SettingsView.swift in Sources */,
				2AC2A573293BE8CADFA633A1 /* ShapeRecognizer.swift in Sources */,
				CCECB2F51D99E866A3C6ABC5 /* SplashScreenView.swift in Sources */,
				302BCD862732C9C7CEE48E89 /* StickyNote.swift in Sources */,
				6F05343DC9F30D7A6D5A5C77 /* StickyNoteView.swift in Sources */,
				FC6A91BB226497D25689A735 /* TabMarker.swift in Sources */,
				F3481135B319CEFFB70071E3 /* TabMarkerView.swift in Sources */,
				E2EC2FC67D9CEDA0FDA1E023 /* WeekPaperView.swift in Sources */,
				F439BCB3A4CE74222C403EE4 /* ZoomableView.swift in Sources */,
			);
			runOnlyForDeploymentPostprocessing = 0;
		};
/* End PBXSourcesBuildPhase section */

/* Begin XCBuildConfiguration section */
		452148734584AB483972ED3F /* Release */ = {
			isa = XCBuildConfiguration;
			buildSettings = {
				ALWAYS_SEARCH_USER_PATHS = NO;
				CLANG_ANALYZER_NONNULL = YES;
				CLANG_ANALYZER_NUMBER_OBJECT_CONVERSION = YES_AGGRESSIVE;
				CLANG_CXX_LANGUAGE_STANDARD = "gnu++14";
				CLANG_CXX_LIBRARY = "libc++";
				CLANG_ENABLE_MODULES = YES;
				CLANG_ENABLE_OBJC_ARC = YES;
				CLANG_ENABLE_OBJC_WEAK = YES;
				CLANG_WARN_BLOCK_CAPTURE_AUTORELEASING = YES;
				CLANG_WARN_BOOL_CONVERSION = YES;
				CLANG_WARN_COMMA = YES;
				CLANG_WARN_CONSTANT_CONVERSION = YES;
				CLANG_WARN_DEPRECATED_OBJC_IMPLEMENTATIONS = YES;
				CLANG_WARN_DIRECT_OBJC_ISA_USAGE = YES_ERROR;
				CLANG_WARN_DOCUMENTATION_COMMENTS = YES;
				CLANG_WARN_EMPTY_BODY = YES;
				CLANG_WARN_ENUM_CONVERSION = YES;
				CLANG_WARN_INFINITE_RECURSION = YES;
				CLANG_WARN_INT_CONVERSION = YES;
				CLANG_WARN_NON_LITERAL_NULL_CONVERSION = YES;
				CLANG_WARN_OBJC_IMPLICIT_RETAIN_SELF = YES;
				CLANG_WARN_OBJC_LITERAL_CONVERSION = YES;
				CLANG_WARN_OBJC_ROOT_CLASS = YES_ERROR;
				CLANG_WARN_QUOTED_INCLUDE_IN_FRAMEWORK_HEADER = YES;
				CLANG_WARN_RANGE_LOOP_ANALYSIS = YES;
				CLANG_WARN_STRICT_PROTOTYPES = YES;
				CLANG_WARN_SUSPICIOUS_MOVE = YES;
				CLANG_WARN_UNGUARDED_AVAILABILITY = YES_AGGRESSIVE;
				CLANG_WARN_UNREACHABLE_CODE = YES;
				CLANG_WARN__DUPLICATE_METHOD_MATCH = YES;
				COPY_PHASE_STRIP = NO;
				DEBUG_INFORMATION_FORMAT = "dwarf-with-dsym";
				ENABLE_NS_ASSERTIONS = NO;
				ENABLE_STRICT_OBJC_MSGSEND = YES;
				GCC_C_LANGUAGE_STANDARD = gnu11;
				GCC_NO_COMMON_BLOCKS = YES;
				GCC_WARN_64_TO_32_BIT_CONVERSION = YES;
				GCC_WARN_ABOUT_RETURN_TYPE = YES_ERROR;
				GCC_WARN_UNDECLARED_SELECTOR = YES;
				GCC_WARN_UNINITIALIZED_AUTOS = YES_AGGRESSIVE;
				GCC_WARN_UNUSED_FUNCTION = YES;
				GCC_WARN_UNUSED_VARIABLE = YES;
				IPHONEOS_DEPLOYMENT_TARGET = 17.0;
				MTL_ENABLE_DEBUG_INFO = NO;
				MTL_FAST_MATH = YES;
				PRODUCT_NAME = "$(TARGET_NAME)";
				SDKROOT = iphoneos;
				SUPPORTS_MACCATALYST = NO;
				SUPPORTS_MAC_DESIGNED_FOR_IPHONE_IPAD = NO;
				SWIFT_COMPILATION_MODE = wholemodule;
				SWIFT_OPTIMIZATION_LEVEL = "-O";
				SWIFT_VERSION = 5.9;
				TARGETED_DEVICE_FAMILY = 2;
			};
			name = Release;
		};
		8BBDBCC1A1622B5D31B3623B /* Debug */ = {
			isa = XCBuildConfiguration;
			buildSettings = {
				ASSETCATALOG_COMPILER_APPICON_NAME = AppIcon;
				CODE_SIGN_IDENTITY = "iPhone Developer";
				CODE_SIGN_STYLE = Automatic;
				DEVELOPMENT_TEAM = 286LKF859M;
				INFOPLIST_FILE = OnPurposePlannerNative/Info.plist;
				IPHONEOS_DEPLOYMENT_TARGET = 17.0;
				LD_RUNPATH_SEARCH_PATHS = (
					"$(inherited)",
					"@executable_path/Frameworks",
				);
				PRODUCT_BUNDLE_IDENTIFIER = com.onpurpose.planner.native;
				SDKROOT = iphoneos;
				SUPPORTS_MACCATALYST = NO;
				SWIFT_VERSION = 5.9;
				TARGETED_DEVICE_FAMILY = 2;
			};
			name = Debug;
		};
		8F4A17BADBB60667C075CA71 /* Release */ = {
			isa = XCBuildConfiguration;
			buildSettings = {
				ASSETCATALOG_COMPILER_APPICON_NAME = AppIcon;
				CODE_SIGN_IDENTITY = "iPhone Developer";
				CODE_SIGN_STYLE = Automatic;
				DEVELOPMENT_TEAM = 286LKF859M;
				INFOPLIST_FILE = OnPurposePlannerNative/Info.plist;
				IPHONEOS_DEPLOYMENT_TARGET = 17.0;
				LD_RUNPATH_SEARCH_PATHS = (
					"$(inherited)",
					"@executable_path/Frameworks",
				);
				PRODUCT_BUNDLE_IDENTIFIER = com.onpurpose.planner.native;
				SDKROOT = iphoneos;
				SUPPORTS_MACCATALYST = NO;
				SWIFT_VERSION = 5.9;
				TARGETED_DEVICE_FAMILY = 2;
			};
			name = Release;
		};
		F342181E000A0BC4BEE2CED1 /* Debug */ = {
			isa = XCBuildConfiguration;
			buildSettings = {
				ALWAYS_SEARCH_USER_PATHS = NO;
				CLANG_ANALYZER_NONNULL = YES;
				CLANG_ANALYZER_NUMBER_OBJECT_CONVERSION = YES_AGGRESSIVE;
				CLANG_CXX_LANGUAGE_STANDARD = "gnu++14";
				CLANG_CXX_LIBRARY = "libc++";
				CLANG_ENABLE_MODULES = YES;
				CLANG_ENABLE_OBJC_ARC = YES;
				CLANG_ENABLE_OBJC_WEAK = YES;
				CLANG_WARN_BLOCK_CAPTURE_AUTORELEASING = YES;
				CLANG_WARN_BOOL_CONVERSION = YES;
				CLANG_WARN_COMMA = YES;
				CLANG_WARN_CONSTANT_CONVERSION = YES;
				CLANG_WARN_DEPRECATED_OBJC_IMPLEMENTATIONS = YES;
				CLANG_WARN_DIRECT_OBJC_ISA_USAGE = YES_ERROR;
				CLANG_WARN_DOCUMENTATION_COMMENTS = YES;
				CLANG_WARN_EMPTY_BODY = YES;
				CLANG_WARN_ENUM_CONVERSION = YES;
				CLANG_WARN_INFINITE_RECURSION = YES;
				CLANG_WARN_INT_CONVERSION = YES;
				CLANG_WARN_NON_LITERAL_NULL_CONVERSION = YES;
				CLANG_WARN_OBJC_IMPLICIT_RETAIN_SELF = YES;
				CLANG_WARN_OBJC_LITERAL_CONVERSION = YES;
				CLANG_WARN_OBJC_ROOT_CLASS = YES_ERROR;
				CLANG_WARN_QUOTED_INCLUDE_IN_FRAMEWORK_HEADER = YES;
				CLANG_WARN_RANGE_LOOP_ANALYSIS = YES;
				CLANG_WARN_STRICT_PROTOTYPES = YES;
				CLANG_WARN_SUSPICIOUS_MOVE = YES;
				CLANG_WARN_UNGUARDED_AVAILABILITY = YES_AGGRESSIVE;
				CLANG_WARN_UNREACHABLE_CODE = YES;
				CLANG_WARN__DUPLICATE_METHOD_MATCH = YES;
				COPY_PHASE_STRIP = NO;
				DEBUG_INFORMATION_FORMAT = dwarf;
				ENABLE_STRICT_OBJC_MSGSEND = YES;
				ENABLE_TESTABILITY = YES;
				GCC_C_LANGUAGE_STANDARD = gnu11;
				GCC_DYNAMIC_NO_PIC = NO;
				GCC_NO_COMMON_BLOCKS = YES;
				GCC_OPTIMIZATION_LEVEL = 0;
				GCC_PREPROCESSOR_DEFINITIONS = (
					"$(inherited)",
					"DEBUG=1",
				);
				GCC_WARN_64_TO_32_BIT_CONVERSION = YES;
				GCC_WARN_ABOUT_RETURN_TYPE = YES_ERROR;
				GCC_WARN_UNDECLARED_SELECTOR = YES;
				GCC_WARN_UNINITIALIZED_AUTOS = YES_AGGRESSIVE;
				GCC_WARN_UNUSED_FUNCTION = YES;
				GCC_WARN_UNUSED_VARIABLE = YES;
				IPHONEOS_DEPLOYMENT_TARGET = 17.0;
				MTL_ENABLE_DEBUG_INFO = INCLUDE_SOURCE;
				MTL_FAST_MATH = YES;
				ONLY_ACTIVE_ARCH = YES;
				PRODUCT_NAME = "$(TARGET_NAME)";
				SDKROOT = iphoneos;
				SUPPORTS_MACCATALYST = NO;
				SUPPORTS_MAC_DESIGNED_FOR_IPHONE_IPAD = NO;
				SWIFT_ACTIVE_COMPILATION_CONDITIONS = DEBUG;
				SWIFT_OPTIMIZATION_LEVEL = "-Onone";
				SWIFT_VERSION = 5.9;
				TARGETED_DEVICE_FAMILY = 2;
			};
			name = Debug;
		};
/* End XCBuildConfiguration section */

/* Begin XCConfigurationList section */
		A6C443B30912AB22102C0174 /* Build configuration list for PBXProject "OnPurposePlannerNative" */ = {
			isa = XCConfigurationList;
			buildConfigurations = (
				F342181E000A0BC4BEE2CED1 /* Debug */,
				452148734584AB483972ED3F /* Release */,
			);
			defaultConfigurationIsVisible = 0;
			defaultConfigurationName = Debug;
		};
		FCBC9E9A8D8CAD39402E3707 /* Build configuration list for PBXNativeTarget "OnPurposePlannerNative" */ = {
			isa = XCConfigurationList;
			buildConfigurations = (
				8BBDBCC1A1622B5D31B3623B /* Debug */,
				8F4A17BADBB60667C075CA71 /* Release */,
			);
			defaultConfigurationIsVisible = 0;
			defaultConfigurationName = Debug;
		};
/* End XCConfigurationList section */
	};
	rootObject = 93DD1B2BF4C3141DE09EEC6E /* Project object */;
}
